
Microsoft Visual Studio Solution File, Format Version 12.00
# Visual Studio Version 17
VisualStudioVersion = 17.2.32526.322
MinimumVisualStudioVersion = 10.0.40219.1
Project("{FAE04EC0-301F-11D3-BF4B-00C04F79EFBC}") = "AquaModelLibrary", "AquaModelLibrary\AquaModelLibrary.csproj", "{AC648CF6-3E5C-4C7A-8A6E-083AE962FA1C}"
EndProject
Project("{FAE04EC0-301F-11D3-BF4B-00C04F79EFBC}") = "AquaModelTool", "AquaModelTool\AquaModelTool.csproj", "{A8F660A5-DC7E-43BE-B1C0-770897DC8D44}"
EndProject
Project("{FAE04EC0-301F-11D3-BF4B-00C04F79EFBC}") = "ZamboniLib", "ZamboniLib\ZamboniLib\ZamboniLib.csproj", "{F0C5B71B-5956-42FE-8DAC-10759CF6BEE0}"
EndProject
Project("{FAE04EC0-301F-11D3-BF4B-00C04F79EFBC}") = "AquaAutoRig", "AquaAutoRig\AquaAutoRig.csproj", "{B1AE95F0-1AA7-44F3-87E4-0FAE1EEDC09D}"
EndProject
Project("{9A19103F-16F7-4668-BE54-9A1E7A4F7556}") = "CMXPatcher", "CMXPatcher\CMXPatcher.csproj", "{AE25E5CC-858C-434A-91DA-6F1AA8745C0F}"
EndProject
Project("{9A19103F-16F7-4668-BE54-9A1E7A4F7556}") = "WeaponInstaller", "WeaponInstaller\WeaponInstaller.csproj", "{6F33F7F5-87AD-4DD9-A086-6AFEB6131CF9}"
EndProject
Project("{8BC9CEB8-8B4A-11D0-8D11-00A0C91BC942}") = "AquaModelLibrary.Native", "AquaModelLibrary.Native\AquaModelLibrary.Native.vcxproj", "{2C3B66BB-F1A9-4513-AB63-570D7687C6A7}"
EndProject
Project("{9A19103F-16F7-4668-BE54-9A1E7A4F7556}") = "SoulsFormats", "SoulsFormats\SoulsFormats\SoulsFormats.csproj", "{640DC10B-6DCD-4295-8D41-2BE08FB053F1}"
EndProject
Global
	GlobalSection(SolutionConfigurationPlatforms) = preSolution
		Debug|Any CPU = Debug|Any CPU
		Debug|x64 = Debug|x64
		Debug|x86 = Debug|x86
		Release|Any CPU = Release|Any CPU
		Release|x64 = Release|x64
		Release|x86 = Release|x86
		x86|Any CPU = x86|Any CPU
		x86|x64 = x86|x64
		x86|x86 = x86|x86
	EndGlobalSection
	GlobalSection(ProjectConfigurationPlatforms) = postSolution
		{AC648CF6-3E5C-4C7A-8A6E-083AE962FA1C}.Debug|Any CPU.ActiveCfg = Debug|Any CPU
		{AC648CF6-3E5C-4C7A-8A6E-083AE962FA1C}.Debug|Any CPU.Build.0 = Debug|Any CPU
		{AC648CF6-3E5C-4C7A-8A6E-083AE962FA1C}.Debug|x64.ActiveCfg = Debug|x64
		{AC648CF6-3E5C-4C7A-8A6E-083AE962FA1C}.Debug|x64.Build.0 = Debug|x64
		{AC648CF6-3E5C-4C7A-8A6E-083AE962FA1C}.Debug|x86.ActiveCfg = Debug|x86
		{AC648CF6-3E5C-4C7A-8A6E-083AE962FA1C}.Debug|x86.Build.0 = Debug|x86
		{AC648CF6-3E5C-4C7A-8A6E-083AE962FA1C}.Release|Any CPU.ActiveCfg = Release|Any CPU
		{AC648CF6-3E5C-4C7A-8A6E-083AE962FA1C}.Release|Any CPU.Build.0 = Release|Any CPU
		{AC648CF6-3E5C-4C7A-8A6E-083AE962FA1C}.Release|x64.ActiveCfg = Release|x64
		{AC648CF6-3E5C-4C7A-8A6E-083AE962FA1C}.Release|x64.Build.0 = Release|x64
		{AC648CF6-3E5C-4C7A-8A6E-083AE962FA1C}.Release|x86.ActiveCfg = Release|x86
		{AC648CF6-3E5C-4C7A-8A6E-083AE962FA1C}.Release|x86.Build.0 = Release|x86
		{AC648CF6-3E5C-4C7A-8A6E-083AE962FA1C}.x86|Any CPU.ActiveCfg = x86|Any CPU
		{AC648CF6-3E5C-4C7A-8A6E-083AE962FA1C}.x86|Any CPU.Build.0 = x86|Any CPU
		{AC648CF6-3E5C-4C7A-8A6E-083AE962FA1C}.x86|x64.ActiveCfg = x86|x64
		{AC648CF6-3E5C-4C7A-8A6E-083AE962FA1C}.x86|x64.Build.0 = x86|x64
		{AC648CF6-3E5C-4C7A-8A6E-083AE962FA1C}.x86|x86.ActiveCfg = x86|x86
		{AC648CF6-3E5C-4C7A-8A6E-083AE962FA1C}.x86|x86.Build.0 = x86|x86
		{A8F660A5-DC7E-43BE-B1C0-770897DC8D44}.Debug|Any CPU.ActiveCfg = Debug|Any CPU
		{A8F660A5-DC7E-43BE-B1C0-770897DC8D44}.Debug|Any CPU.Build.0 = Debug|Any CPU
		{A8F660A5-DC7E-43BE-B1C0-770897DC8D44}.Debug|x64.ActiveCfg = Debug|Any CPU
		{A8F660A5-DC7E-43BE-B1C0-770897DC8D44}.Debug|x64.Build.0 = Debug|Any CPU
		{A8F660A5-DC7E-43BE-B1C0-770897DC8D44}.Debug|x86.ActiveCfg = Debug|Any CPU
		{A8F660A5-DC7E-43BE-B1C0-770897DC8D44}.Debug|x86.Build.0 = Debug|Any CPU
		{A8F660A5-DC7E-43BE-B1C0-770897DC8D44}.Release|Any CPU.ActiveCfg = Release|Any CPU
		{A8F660A5-DC7E-43BE-B1C0-770897DC8D44}.Release|Any CPU.Build.0 = Release|Any CPU
		{A8F660A5-DC7E-43BE-B1C0-770897DC8D44}.Release|x64.ActiveCfg = Release|Any CPU
		{A8F660A5-DC7E-43BE-B1C0-770897DC8D44}.Release|x64.Build.0 = Release|Any CPU
		{A8F660A5-DC7E-43BE-B1C0-770897DC8D44}.Release|x86.ActiveCfg = Release|Any CPU
		{A8F660A5-DC7E-43BE-B1C0-770897DC8D44}.Release|x86.Build.0 = Release|Any CPU
		{A8F660A5-DC7E-43BE-B1C0-770897DC8D44}.x86|Any CPU.ActiveCfg = x86|Any CPU
		{A8F660A5-DC7E-43BE-B1C0-770897DC8D44}.x86|Any CPU.Build.0 = x86|Any CPU
		{A8F660A5-DC7E-43BE-B1C0-770897DC8D44}.x86|x64.ActiveCfg = x86|Any CPU
		{A8F660A5-DC7E-43BE-B1C0-770897DC8D44}.x86|x64.Build.0 = x86|Any CPU
		{A8F660A5-DC7E-43BE-B1C0-770897DC8D44}.x86|x86.ActiveCfg = x86|Any CPU
		{A8F660A5-DC7E-43BE-B1C0-770897DC8D44}.x86|x86.Build.0 = x86|Any CPU
		{F0C5B71B-5956-42FE-8DAC-10759CF6BEE0}.Debug|Any CPU.ActiveCfg = Debug|Any CPU
		{F0C5B71B-5956-42FE-8DAC-10759CF6BEE0}.Debug|Any CPU.Build.0 = Debug|Any CPU
		{F0C5B71B-5956-42FE-8DAC-10759CF6BEE0}.Debug|x64.ActiveCfg = Debug|Any CPU
		{F0C5B71B-5956-42FE-8DAC-10759CF6BEE0}.Debug|x64.Build.0 = Debug|Any CPU
		{F0C5B71B-5956-42FE-8DAC-10759CF6BEE0}.Debug|x86.ActiveCfg = Debug|Any CPU
		{F0C5B71B-5956-42FE-8DAC-10759CF6BEE0}.Debug|x86.Build.0 = Debug|Any CPU
		{F0C5B71B-5956-42FE-8DAC-10759CF6BEE0}.Release|Any CPU.ActiveCfg = Release|Any CPU
		{F0C5B71B-5956-42FE-8DAC-10759CF6BEE0}.Release|Any CPU.Build.0 = Release|Any CPU
		{F0C5B71B-5956-42FE-8DAC-10759CF6BEE0}.Release|x64.ActiveCfg = Release|Any CPU
		{F0C5B71B-5956-42FE-8DAC-10759CF6BEE0}.Release|x64.Build.0 = Release|Any CPU
		{F0C5B71B-5956-42FE-8DAC-10759CF6BEE0}.Release|x86.ActiveCfg = Release|Any CPU
		{F0C5B71B-5956-42FE-8DAC-10759CF6BEE0}.Release|x86.Build.0 = Release|Any CPU
		{F0C5B71B-5956-42FE-8DAC-10759CF6BEE0}.x86|Any CPU.ActiveCfg = x86|Any CPU
		{F0C5B71B-5956-42FE-8DAC-10759CF6BEE0}.x86|Any CPU.Build.0 = x86|Any CPU
		{F0C5B71B-5956-42FE-8DAC-10759CF6BEE0}.x86|x64.ActiveCfg = x86|Any CPU
		{F0C5B71B-5956-42FE-8DAC-10759CF6BEE0}.x86|x64.Build.0 = x86|Any CPU
		{F0C5B71B-5956-42FE-8DAC-10759CF6BEE0}.x86|x86.ActiveCfg = x86|Any CPU
		{F0C5B71B-5956-42FE-8DAC-10759CF6BEE0}.x86|x86.Build.0 = x86|Any CPU
		{B1AE95F0-1AA7-44F3-87E4-0FAE1EEDC09D}.Debug|Any CPU.ActiveCfg = Debug|Any CPU
		{B1AE95F0-1AA7-44F3-87E4-0FAE1EEDC09D}.Debug|Any CPU.Build.0 = Debug|Any CPU
		{B1AE95F0-1AA7-44F3-87E4-0FAE1EEDC09D}.Debug|x64.ActiveCfg = Debug|Any CPU
		{B1AE95F0-1AA7-44F3-87E4-0FAE1EEDC09D}.Debug|x64.Build.0 = Debug|Any CPU
		{B1AE95F0-1AA7-44F3-87E4-0FAE1EEDC09D}.Debug|x86.ActiveCfg = Debug|Any CPU
		{B1AE95F0-1AA7-44F3-87E4-0FAE1EEDC09D}.Debug|x86.Build.0 = Debug|Any CPU
		{B1AE95F0-1AA7-44F3-87E4-0FAE1EEDC09D}.Release|Any CPU.ActiveCfg = Release|Any CPU
		{B1AE95F0-1AA7-44F3-87E4-0FAE1EEDC09D}.Release|Any CPU.Build.0 = Release|Any CPU
		{B1AE95F0-1AA7-44F3-87E4-0FAE1EEDC09D}.Release|x64.ActiveCfg = Release|Any CPU
		{B1AE95F0-1AA7-44F3-87E4-0FAE1EEDC09D}.Release|x64.Build.0 = Release|Any CPU
		{B1AE95F0-1AA7-44F3-87E4-0FAE1EEDC09D}.Release|x86.ActiveCfg = Release|Any CPU
		{B1AE95F0-1AA7-44F3-87E4-0FAE1EEDC09D}.Release|x86.Build.0 = Release|Any CPU
		{B1AE95F0-1AA7-44F3-87E4-0FAE1EEDC09D}.x86|Any CPU.ActiveCfg = x86|Any CPU
		{B1AE95F0-1AA7-44F3-87E4-0FAE1EEDC09D}.x86|Any CPU.Build.0 = x86|Any CPU
		{B1AE95F0-1AA7-44F3-87E4-0FAE1EEDC09D}.x86|x64.ActiveCfg = x86|Any CPU
		{B1AE95F0-1AA7-44F3-87E4-0FAE1EEDC09D}.x86|x64.Build.0 = x86|Any CPU
		{B1AE95F0-1AA7-44F3-87E4-0FAE1EEDC09D}.x86|x86.ActiveCfg = x86|Any CPU
		{B1AE95F0-1AA7-44F3-87E4-0FAE1EEDC09D}.x86|x86.Build.0 = x86|Any CPU
		{AE25E5CC-858C-434A-91DA-6F1AA8745C0F}.Debug|Any CPU.ActiveCfg = Debug|Any CPU
		{AE25E5CC-858C-434A-91DA-6F1AA8745C0F}.Debug|Any CPU.Build.0 = Debug|Any CPU
		{AE25E5CC-858C-434A-91DA-6F1AA8745C0F}.Debug|x64.ActiveCfg = Debug|Any CPU
		{AE25E5CC-858C-434A-91DA-6F1AA8745C0F}.Debug|x64.Build.0 = Debug|Any CPU
		{AE25E5CC-858C-434A-91DA-6F1AA8745C0F}.Debug|x86.ActiveCfg = Debug|Any CPU
		{AE25E5CC-858C-434A-91DA-6F1AA8745C0F}.Debug|x86.Build.0 = Debug|Any CPU
		{AE25E5CC-858C-434A-91DA-6F1AA8745C0F}.Release|Any CPU.ActiveCfg = Release|Any CPU
		{AE25E5CC-858C-434A-91DA-6F1AA8745C0F}.Release|Any CPU.Build.0 = Release|Any CPU
		{AE25E5CC-858C-434A-91DA-6F1AA8745C0F}.Release|x64.ActiveCfg = Release|Any CPU
		{AE25E5CC-858C-434A-91DA-6F1AA8745C0F}.Release|x64.Build.0 = Release|Any CPU
		{AE25E5CC-858C-434A-91DA-6F1AA8745C0F}.Release|x86.ActiveCfg = Release|Any CPU
		{AE25E5CC-858C-434A-91DA-6F1AA8745C0F}.Release|x86.Build.0 = Release|Any CPU
		{AE25E5CC-858C-434A-91DA-6F1AA8745C0F}.x86|Any CPU.ActiveCfg = x86|Any CPU
		{AE25E5CC-858C-434A-91DA-6F1AA8745C0F}.x86|Any CPU.Build.0 = x86|Any CPU
		{AE25E5CC-858C-434A-91DA-6F1AA8745C0F}.x86|x64.ActiveCfg = x86|Any CPU
		{AE25E5CC-858C-434A-91DA-6F1AA8745C0F}.x86|x64.Build.0 = x86|Any CPU
		{AE25E5CC-858C-434A-91DA-6F1AA8745C0F}.x86|x86.ActiveCfg = x86|Any CPU
		{AE25E5CC-858C-434A-91DA-6F1AA8745C0F}.x86|x86.Build.0 = x86|Any CPU
		{6F33F7F5-87AD-4DD9-A086-6AFEB6131CF9}.Debug|Any CPU.ActiveCfg = Debug|Any CPU
		{6F33F7F5-87AD-4DD9-A086-6AFEB6131CF9}.Debug|Any CPU.Build.0 = Debug|Any CPU
		{6F33F7F5-87AD-4DD9-A086-6AFEB6131CF9}.Debug|x64.ActiveCfg = Debug|Any CPU
		{6F33F7F5-87AD-4DD9-A086-6AFEB6131CF9}.Debug|x64.Build.0 = Debug|Any CPU
		{6F33F7F5-87AD-4DD9-A086-6AFEB6131CF9}.Debug|x86.ActiveCfg = Debug|Any CPU
		{6F33F7F5-87AD-4DD9-A086-6AFEB6131CF9}.Debug|x86.Build.0 = Debug|Any CPU
		{6F33F7F5-87AD-4DD9-A086-6AFEB6131CF9}.Release|Any CPU.ActiveCfg = Release|Any CPU
		{6F33F7F5-87AD-4DD9-A086-6AFEB6131CF9}.Release|Any CPU.Build.0 = Release|Any CPU
		{6F33F7F5-87AD-4DD9-A086-6AFEB6131CF9}.Release|x64.ActiveCfg = Release|Any CPU
		{6F33F7F5-87AD-4DD9-A086-6AFEB6131CF9}.Release|x64.Build.0 = Release|Any CPU
		{6F33F7F5-87AD-4DD9-A086-6AFEB6131CF9}.Release|x86.ActiveCfg = Release|Any CPU
		{6F33F7F5-87AD-4DD9-A086-6AFEB6131CF9}.Release|x86.Build.0 = Release|Any CPU
		{6F33F7F5-87AD-4DD9-A086-6AFEB6131CF9}.x86|Any CPU.ActiveCfg = Debug|Any CPU
		{6F33F7F5-87AD-4DD9-A086-6AFEB6131CF9}.x86|Any CPU.Build.0 = Debug|Any CPU
		{6F33F7F5-87AD-4DD9-A086-6AFEB6131CF9}.x86|x64.ActiveCfg = Debug|Any CPU
		{6F33F7F5-87AD-4DD9-A086-6AFEB6131CF9}.x86|x64.Build.0 = Debug|Any CPU
		{6F33F7F5-87AD-4DD9-A086-6AFEB6131CF9}.x86|x86.ActiveCfg = Debug|Any CPU
		{6F33F7F5-87AD-4DD9-A086-6AFEB6131CF9}.x86|x86.Build.0 = Debug|Any CPU
		{2C3B66BB-F1A9-4513-AB63-570D7687C6A7}.Debug|Any CPU.ActiveCfg = Debug|x64
		{2C3B66BB-F1A9-4513-AB63-570D7687C6A7}.Debug|Any CPU.Build.0 = Debug|x64
		{2C3B66BB-F1A9-4513-AB63-570D7687C6A7}.Debug|x64.ActiveCfg = Debug|x64
		{2C3B66BB-F1A9-4513-AB63-570D7687C6A7}.Debug|x64.Build.0 = Debug|x64
		{2C3B66BB-F1A9-4513-AB63-570D7687C6A7}.Debug|x86.ActiveCfg = Debug|Win32
		{2C3B66BB-F1A9-4513-AB63-570D7687C6A7}.Debug|x86.Build.0 = Debug|Win32
		{2C3B66BB-F1A9-4513-AB63-570D7687C6A7}.Release|Any CPU.ActiveCfg = Release|x64
		{2C3B66BB-F1A9-4513-AB63-570D7687C6A7}.Release|Any CPU.Build.0 = Release|x64
		{2C3B66BB-F1A9-4513-AB63-570D7687C6A7}.Release|x64.ActiveCfg = Release|x64
		{2C3B66BB-F1A9-4513-AB63-570D7687C6A7}.Release|x64.Build.0 = Release|x64
		{2C3B66BB-F1A9-4513-AB63-570D7687C6A7}.Release|x86.ActiveCfg = Release|Win32
		{2C3B66BB-F1A9-4513-AB63-570D7687C6A7}.Release|x86.Build.0 = Release|Win32
		{2C3B66BB-F1A9-4513-AB63-570D7687C6A7}.x86|Any CPU.ActiveCfg = Debug|Win32
		{2C3B66BB-F1A9-4513-AB63-570D7687C6A7}.x86|Any CPU.Build.0 = Debug|Win32
		{2C3B66BB-F1A9-4513-AB63-570D7687C6A7}.x86|x64.ActiveCfg = Debug|x64
		{2C3B66BB-F1A9-4513-AB63-570D7687C6A7}.x86|x64.Build.0 = Debug|x64
		{2C3B66BB-F1A9-4513-AB63-570D7687C6A7}.x86|x86.ActiveCfg = Debug|Win32
		{2C3B66BB-F1A9-4513-AB63-570D7687C6A7}.x86|x86.Build.0 = Debug|Win32
		{640DC10B-6DCD-4295-8D41-2BE08FB053F1}.Debug|Any CPU.ActiveCfg = Debug|Any CPU
		{640DC10B-6DCD-4295-8D41-2BE08FB053F1}.Debug|Any CPU.Build.0 = Debug|Any CPU
		{640DC10B-6DCD-4295-8D41-2BE08FB053F1}.Debug|x64.ActiveCfg = Debug|Any CPU
		{640DC10B-6DCD-4295-8D41-2BE08FB053F1}.Debug|x64.Build.0 = Debug|Any CPU
		{640DC10B-6DCD-4295-8D41-2BE08FB053F1}.Debug|x86.ActiveCfg = Debug|Any CPU
		{640DC10B-6DCD-4295-8D41-2BE08FB053F1}.Debug|x86.Build.0 = Debug|Any CPU
		{640DC10B-6DCD-4295-8D41-2BE08FB053F1}.Release|Any CPU.ActiveCfg = Release|Any CPU
		{640DC10B-6DCD-4295-8D41-2BE08FB053F1}.Release|Any CPU.Build.0 = Release|Any CPU
		{640DC10B-6DCD-4295-8D41-2BE08FB053F1}.Release|x64.ActiveCfg = Release|Any CPU
		{640DC10B-6DCD-4295-8D41-2BE08FB053F1}.Release|x64.Build.0 = Release|Any CPU
		{640DC10B-6DCD-4295-8D41-2BE08FB053F1}.Release|x86.ActiveCfg = Release|Any CPU
		{640DC10B-6DCD-4295-8D41-2BE08FB053F1}.Release|x86.Build.0 = Release|Any CPU
		{640DC10B-6DCD-4295-8D41-2BE08FB053F1}.x86|Any CPU.ActiveCfg = Debug|Any CPU
		{640DC10B-6DCD-4295-8D41-2BE08FB053F1}.x86|Any CPU.Build.0 = Debug|Any CPU
		{640DC10B-6DCD-4295-8D41-2BE08FB053F1}.x86|x64.ActiveCfg = Debug|Any CPU
		{640DC10B-6DCD-4295-8D41-2BE08FB053F1}.x86|x64.Build.0 = Debug|Any CPU
		{640DC10B-6DCD-4295-8D41-2BE08FB053F1}.x86|x86.ActiveCfg = Debug|Any CPU
		{640DC10B-6DCD-4295-8D41-2BE08FB053F1}.x86|x86.Build.0 = Debug|Any CPU
	EndGlobalSection
	GlobalSection(SolutionProperties) = preSolution
		HideSolutionNode = FALSE
	EndGlobalSection
	GlobalSection(ExtensibilityGlobals) = postSolution
		SolutionGuid = {8F5B8707-F392-4771-ABAD-D3DF525DEE5D}
	EndGlobalSection
EndGlobal
