
Microsoft Visual Studio Solution File, Format Version 12.00
# Visual Studio Version 16
VisualStudioVersion = 16.0.30225.117
MinimumVisualStudioVersion = 10.0.40219.1
Project("{FAE04EC0-301F-11D3-BF4B-00C04F79EFBC}") = "AquaModelLibrary", "AquaModelLibrary\AquaModelLibrary.csproj", "{AC648CF6-3E5C-4C7A-8A6E-083AE962FA1C}"
EndProject
Global
	GlobalSection(SolutionConfigurationPlatforms) = preSolution
		Debug|Any CPU = Debug|Any CPU
		Release|Any CPU = Release|Any CPU
	EndGlobalSection
	GlobalSection(ProjectConfigurationPlatforms) = postSolution
		{AC648CF6-3E5C-4C7A-8A6E-083AE962FA1C}.Debug|Any CPU.ActiveCfg = Debug|Any CPU
		{AC648CF6-3E5C-4C7A-8A6E-083AE962FA1C}.Debug|Any CPU.Build.0 = Debug|Any CPU
		{AC648CF6-3E5C-4C7A-8A6E-083AE962FA1C}.Release|Any CPU.ActiveCfg = Release|Any CPU
		{AC648CF6-3E5C-4C7A-8A6E-083AE962FA1C}.Release|Any CPU.Build.0 = Release|Any CPU
	EndGlobalSection
	GlobalSection(SolutionProperties) = preSolution
		HideSolutionNode = FALSE
	EndGlobalSection
	GlobalSection(ExtensibilityGlobals) = postSolution
		SolutionGuid = {8F5B8707-F392-4771-ABAD-D3DF525DEE5D}
	EndGlobalSection
EndGlobal
